
Microsoft Visual Studio Solution File, Format Version 12.00
# Visual Studio Version 17
VisualStudioVersion = 17.0.32112.339
MinimumVisualStudioVersion = 10.0.40219.1
Project("{FAE04EC0-301F-11D3-BF4B-00C04F79EFBC}") = "TicTacToeGame", "TicTacToeGame\TicTacToeGame.csproj", "{66F2B6CD-9F44-4883-B1CC-B57402E3DB13}"
EndProject
Global
	GlobalSection(SolutionConfigurationPlatforms) = preSolution
		Debug|Any CPU = Debug|Any CPU
		Release|Any CPU = Release|Any CPU
	EndGlobalSection
	GlobalSection(ProjectConfigurationPlatforms) = postSolution
		{66F2B6CD-9F44-4883-B1CC-B57402E3DB13}.Debug|Any CPU.ActiveCfg = Debug|Any CPU
		{66F2B6CD-9F44-4883-B1CC-B57402E3DB13}.Debug|Any CPU.Build.0 = Debug|Any CPU
		{66F2B6CD-9F44-4883-B1CC-B57402E3DB13}.Release|Any CPU.ActiveCfg = Release|Any CPU
		{66F2B6CD-9F44-4883-B1CC-B57402E3DB13}.Release|Any CPU.Build.0 = Release|Any CPU
	EndGlobalSection
	GlobalSection(SolutionProperties) = preSolution
		HideSolutionNode = FALSE
	EndGlobalSection
	GlobalSection(ExtensibilityGlobals) = postSolution
		SolutionGuid = {CBB8E698-2F9F-41D4-A139-60092AF54995}
	EndGlobalSection
EndGlobal
